<?xml version="1.0" encoding="utf-8"?>
<Project ToolsVersion="4.0" xmlns="http://schemas.microsoft.com/developer/msbuild/2003">
  <ItemGroup>
    <Filter Include="Schedulers">
      <UniqueIdentifier>{771B79DC-63D3-BA29-CCDA-9385B8B1551A}</UniqueIdentifier>
    </Filter>
  </ItemGroup>
  <ItemGroup>
    <ClInclude Include="src\CPU.h" />
    <ClInclude Include="src\Process.h" />
    <ClInclude Include="src\ProcessProducer.h" />
    <ClInclude Include="src\Queue.h" />
    <ClInclude Include="src\Schedulers\FCFSScheduler.h">
      <Filter>Schedulers</Filter>
    </ClInclude>
    <ClInclude Include="src\Schedulers\RRScheduler.h">
      <Filter>Schedulers</Filter>
    </ClInclude>
    <ClInclude Include="src\Schedulers\Scheduler.h">
      <Filter>Schedulers</Filter>
    </ClInclude>
    <ClInclude Include="src\SystemController.h" />
    <ClInclude Include="src\Log\Logger.h" />
    <ClInclude Include="src\Log\Printer.h" />
  </ItemGroup>
  <ItemGroup>
    <ClCompile Include="src\CPU.cpp" />
    <ClCompile Include="src\Process.cpp" />
    <ClCompile Include="src\ProcessProducer.cpp" />
    <ClCompile Include="src\Queue.cpp" />
    <ClCompile Include="src\Schedulers\FCFSScheduler.cpp">
      <Filter>Schedulers</Filter>
    </ClCompile>
    <ClCompile Include="src\Schedulers\RRScheduler.cpp">
      <Filter>Schedulers</Filter>
    </ClCompile>
    <ClCompile Include="src\Schedulers\Scheduler.cpp">
      <Filter>Schedulers</Filter>
    </ClCompile>
    <ClCompile Include="src\SystemController.cpp" />
    <ClCompile Include="src\main.cpp" />
    <ClCompile Include="src\Log\Logger.cpp" />
    <ClCompile Include="src\Log\Printer.cpp" />
  </ItemGroup>
</Project>